
Microsoft Visual Studio Solution File, Format Version 12.00
# Visual Studio Version 16
VisualStudioVersion = 16.0.29411.108
MinimumVisualStudioVersion = 10.0.40219.1
Project("{FAE04EC0-301F-11D3-BF4B-00C04F79EFBC}") = "Registration.DBContext", "Registration.DbContext\Registration.DBContext.csproj", "{99B28831-AE00-488D-8D73-C78826D3F520}"
EndProject
Project("{FAE04EC0-301F-11D3-BF4B-00C04F79EFBC}") = "Registration.Models", "Registration.Models\Registration.Models.csproj", "{C06F9500-B98F-4692-9670-4313C1078F38}"
EndProject
Global
	GlobalSection(SolutionConfigurationPlatforms) = preSolution
		Debug|Any CPU = Debug|Any CPU
		Release|Any CPU = Release|Any CPU
	EndGlobalSection
	GlobalSection(ProjectConfigurationPlatforms) = postSolution
		{99B28831-AE00-488D-8D73-C78826D3F520}.Debug|Any CPU.ActiveCfg = Debug|Any CPU
		{99B28831-AE00-488D-8D73-C78826D3F520}.Debug|Any CPU.Build.0 = Debug|Any CPU
		{99B28831-AE00-488D-8D73-C78826D3F520}.Release|Any CPU.ActiveCfg = Release|Any CPU
		{99B28831-AE00-488D-8D73-C78826D3F520}.Release|Any CPU.Build.0 = Release|Any CPU
		{C06F9500-B98F-4692-9670-4313C1078F38}.Debug|Any CPU.ActiveCfg = Debug|Any CPU
		{C06F9500-B98F-4692-9670-4313C1078F38}.Debug|Any CPU.Build.0 = Debug|Any CPU
		{C06F9500-B98F-4692-9670-4313C1078F38}.Release|Any CPU.ActiveCfg = Release|Any CPU
		{C06F9500-B98F-4692-9670-4313C1078F38}.Release|Any CPU.Build.0 = Release|Any CPU
	EndGlobalSection
	GlobalSection(SolutionProperties) = preSolution
		HideSolutionNode = FALSE
	EndGlobalSection
	GlobalSection(ExtensibilityGlobals) = postSolution
		SolutionGuid = {A18ABBC4-DDDB-4644-994D-CBA92CE82C81}
	EndGlobalSection
EndGlobal
